
Microsoft Visual Studio Solution File, Format Version 12.00
# Visual Studio Version 17
VisualStudioVersion = 17.9.34607.119
MinimumVisualStudioVersion = 10.0.40219.1
Project("{9A19103F-16F7-4668-BE54-9A1E7A4F7556}") = "TheLongGame", "TheLongGame\TheLongGame.csproj", "{4D17E3F1-D63C-4EDE-85F7-4B20A19760B4}"
EndProject
Project("{9A19103F-16F7-4668-BE54-9A1E7A4F7556}") = "ThePotionMastersOfPattren", "ThePotionMastersOfPattren\ThePotionMastersOfPattren.csproj", "{3294769B-6B55-4C68-84BF-BF36E7B55C18}"
EndProject
Project("{9A19103F-16F7-4668-BE54-9A1E7A4F7556}") = "MonsterPatterns", "MonsterPatterns\MonsterPatterns.csproj", "{BF2377E7-B963-4A37-90E9-8CBF76DA0793}"
EndProject
Project("{9A19103F-16F7-4668-BE54-9A1E7A4F7556}") = "NavigatingOperandCity", "NavigatingOperandCity\NavigatingOperandCity.csproj", "{EA4AE1F2-3C56-4BEE-B672-449293196934}"
EndProject
Project("{9A19103F-16F7-4668-BE54-9A1E7A4F7556}") = "QueryExpressionBasics", "QueryExpressionBasics\QueryExpressionBasics.csproj", "{48833BDB-B963-4CC8-88F6-263739710B66}"
EndProject
Project("{9A19103F-16F7-4668-BE54-9A1E7A4F7556}") = "TheThreeLenses", "TheThreeLenses\TheThreeLenses.csproj", "{D57C22C4-16B5-455E-923B-B36B57575A60}"
EndProject
Project("{9A19103F-16F7-4668-BE54-9A1E7A4F7556}") = "TheRepeatingStream", "TheRepeatingStream\TheRepeatingStream.csproj", "{6AB87728-07B5-450F-B202-637CFCF2B315}"
EndProject
Project("{FAE04EC0-301F-11D3-BF4B-00C04F79EFBC}") = "AsynchronousRandomWords", "AsynchronousRandomWords\AsynchronousRandomWords.csproj", "{F44B807F-1F11-4A5E-94A1-4075BBE40AED}"
EndProject
Project("{FAE04EC0-301F-11D3-BF4B-00C04F79EFBC}") = "ManyRandomWords", "ManyRandomWords\ManyRandomWords.csproj", "{F95280D5-43E3-44ED-8948-4CA94A9F0160}"
EndProject
Global
	GlobalSection(SolutionConfigurationPlatforms) = preSolution
		Debug|Any CPU = Debug|Any CPU
		Release|Any CPU = Release|Any CPU
	EndGlobalSection
	GlobalSection(ProjectConfigurationPlatforms) = postSolution
		{4D17E3F1-D63C-4EDE-85F7-4B20A19760B4}.Debug|Any CPU.ActiveCfg = Debug|Any CPU
		{4D17E3F1-D63C-4EDE-85F7-4B20A19760B4}.Debug|Any CPU.Build.0 = Debug|Any CPU
		{4D17E3F1-D63C-4EDE-85F7-4B20A19760B4}.Release|Any CPU.ActiveCfg = Release|Any CPU
		{4D17E3F1-D63C-4EDE-85F7-4B20A19760B4}.Release|Any CPU.Build.0 = Release|Any CPU
		{3294769B-6B55-4C68-84BF-BF36E7B55C18}.Debug|Any CPU.ActiveCfg = Debug|Any CPU
		{3294769B-6B55-4C68-84BF-BF36E7B55C18}.Debug|Any CPU.Build.0 = Debug|Any CPU
		{3294769B-6B55-4C68-84BF-BF36E7B55C18}.Release|Any CPU.ActiveCfg = Release|Any CPU
		{3294769B-6B55-4C68-84BF-BF36E7B55C18}.Release|Any CPU.Build.0 = Release|Any CPU
		{BF2377E7-B963-4A37-90E9-8CBF76DA0793}.Debug|Any CPU.ActiveCfg = Debug|Any CPU
		{BF2377E7-B963-4A37-90E9-8CBF76DA0793}.Debug|Any CPU.Build.0 = Debug|Any CPU
		{BF2377E7-B963-4A37-90E9-8CBF76DA0793}.Release|Any CPU.ActiveCfg = Release|Any CPU
		{BF2377E7-B963-4A37-90E9-8CBF76DA0793}.Release|Any CPU.Build.0 = Release|Any CPU
		{EA4AE1F2-3C56-4BEE-B672-449293196934}.Debug|Any CPU.ActiveCfg = Debug|Any CPU
		{EA4AE1F2-3C56-4BEE-B672-449293196934}.Debug|Any CPU.Build.0 = Debug|Any CPU
		{EA4AE1F2-3C56-4BEE-B672-449293196934}.Release|Any CPU.ActiveCfg = Release|Any CPU
		{EA4AE1F2-3C56-4BEE-B672-449293196934}.Release|Any CPU.Build.0 = Release|Any CPU
		{48833BDB-B963-4CC8-88F6-263739710B66}.Debug|Any CPU.ActiveCfg = Debug|Any CPU
		{48833BDB-B963-4CC8-88F6-263739710B66}.Debug|Any CPU.Build.0 = Debug|Any CPU
		{48833BDB-B963-4CC8-88F6-263739710B66}.Release|Any CPU.ActiveCfg = Release|Any CPU
		{48833BDB-B963-4CC8-88F6-263739710B66}.Release|Any CPU.Build.0 = Release|Any CPU
		{D57C22C4-16B5-455E-923B-B36B57575A60}.Debug|Any CPU.ActiveCfg = Debug|Any CPU
		{D57C22C4-16B5-455E-923B-B36B57575A60}.Debug|Any CPU.Build.0 = Debug|Any CPU
		{D57C22C4-16B5-455E-923B-B36B57575A60}.Release|Any CPU.ActiveCfg = Release|Any CPU
		{D57C22C4-16B5-455E-923B-B36B57575A60}.Release|Any CPU.Build.0 = Release|Any CPU
		{6AB87728-07B5-450F-B202-637CFCF2B315}.Debug|Any CPU.ActiveCfg = Debug|Any CPU
		{6AB87728-07B5-450F-B202-637CFCF2B315}.Debug|Any CPU.Build.0 = Debug|Any CPU
		{6AB87728-07B5-450F-B202-637CFCF2B315}.Release|Any CPU.ActiveCfg = Release|Any CPU
		{6AB87728-07B5-450F-B202-637CFCF2B315}.Release|Any CPU.Build.0 = Release|Any CPU
		{F44B807F-1F11-4A5E-94A1-4075BBE40AED}.Debug|Any CPU.ActiveCfg = Debug|Any CPU
		{F44B807F-1F11-4A5E-94A1-4075BBE40AED}.Debug|Any CPU.Build.0 = Debug|Any CPU
		{F44B807F-1F11-4A5E-94A1-4075BBE40AED}.Release|Any CPU.ActiveCfg = Release|Any CPU
		{F44B807F-1F11-4A5E-94A1-4075BBE40AED}.Release|Any CPU.Build.0 = Release|Any CPU
		{F95280D5-43E3-44ED-8948-4CA94A9F0160}.Debug|Any CPU.ActiveCfg = Debug|Any CPU
		{F95280D5-43E3-44ED-8948-4CA94A9F0160}.Debug|Any CPU.Build.0 = Debug|Any CPU
		{F95280D5-43E3-44ED-8948-4CA94A9F0160}.Release|Any CPU.ActiveCfg = Release|Any CPU
		{F95280D5-43E3-44ED-8948-4CA94A9F0160}.Release|Any CPU.Build.0 = Release|Any CPU
	EndGlobalSection
	GlobalSection(SolutionProperties) = preSolution
		HideSolutionNode = FALSE
	EndGlobalSection
	GlobalSection(ExtensibilityGlobals) = postSolution
		SolutionGuid = {F6B7B321-4FA8-497D-A255-9E150CAA9830}
	EndGlobalSection
EndGlobal
